
Microsoft Visual Studio Solution File, Format Version 12.00
# Visual Studio Version 17
VisualStudioVersion = 17.1.32421.90
MinimumVisualStudioVersion = 10.0.40219.1
Project("{FAE04EC0-301F-11D3-BF4B-00C04F79EFBC}") = "Filter Authenication", "Filter Authenication\Filter Authenication.csproj", "{EADEC4BE-846D-40CE-8BB6-8D3714DA5818}"
EndProject
Global
	GlobalSection(SolutionConfigurationPlatforms) = preSolution
		Debug|Any CPU = Debug|Any CPU
		Release|Any CPU = Release|Any CPU
	EndGlobalSection
	GlobalSection(ProjectConfigurationPlatforms) = postSolution
		{EADEC4BE-846D-40CE-8BB6-8D3714DA5818}.Debug|Any CPU.ActiveCfg = Debug|Any CPU
		{EADEC4BE-846D-40CE-8BB6-8D3714DA5818}.Debug|Any CPU.Build.0 = Debug|Any CPU
		{EADEC4BE-846D-40CE-8BB6-8D3714DA5818}.Release|Any CPU.ActiveCfg = Release|Any CPU
		{EADEC4BE-846D-40CE-8BB6-8D3714DA5818}.Release|Any CPU.Build.0 = Release|Any CPU
	EndGlobalSection
	GlobalSection(SolutionProperties) = preSolution
		HideSolutionNode = FALSE
	EndGlobalSection
	GlobalSection(ExtensibilityGlobals) = postSolution
		SolutionGuid = {EA6D8AE7-CA96-4D8D-9994-D135C8E88DC2}
	EndGlobalSection
EndGlobal
